
Microsoft Visual Studio Solution File, Format Version 12.00
# Visual Studio Version 16
VisualStudioVersion = 16.0.30523.141
MinimumVisualStudioVersion = 10.0.40219.1
Project("{FAE04EC0-301F-11D3-BF4B-00C04F79EFBC}") = "Projekt Baza", "Projekt Baza\Projekt Baza.csproj", "{48AEC654-EEAA-4B91-9755-4900257B5731}"
EndProject
Global
	GlobalSection(SolutionConfigurationPlatforms) = preSolution
		Debug|Any CPU = Debug|Any CPU
		Release|Any CPU = Release|Any CPU
	EndGlobalSection
	GlobalSection(ProjectConfigurationPlatforms) = postSolution
		{48AEC654-EEAA-4B91-9755-4900257B5731}.Debug|Any CPU.ActiveCfg = Debug|Any CPU
		{48AEC654-EEAA-4B91-9755-4900257B5731}.Debug|Any CPU.Build.0 = Debug|Any CPU
		{48AEC654-EEAA-4B91-9755-4900257B5731}.Release|Any CPU.ActiveCfg = Release|Any CPU
		{48AEC654-EEAA-4B91-9755-4900257B5731}.Release|Any CPU.Build.0 = Release|Any CPU
	EndGlobalSection
	GlobalSection(SolutionProperties) = preSolution
		HideSolutionNode = FALSE
	EndGlobalSection
	GlobalSection(ExtensibilityGlobals) = postSolution
		SolutionGuid = {DA939B78-DDAF-48F4-B52B-6E7156B8E7E7}
	EndGlobalSection
EndGlobal
